
Microsoft Visual Studio Solution File, Format Version 12.00
# Visual Studio Version 17
VisualStudioVersion = 17.10.35013.160
MinimumVisualStudioVersion = 10.0.40219.1
Project("{FAE04EC0-301F-11D3-BF4B-00C04F79EFBC}") = "Windows Development", "Windows Development\Windows Development.csproj", "{3D36021D-FB59-4175-B4CC-699E3E494418}"
EndProject
Global
	GlobalSection(SolutionConfigurationPlatforms) = preSolution
		Debug|Any CPU = Debug|Any CPU
		Release|Any CPU = Release|Any CPU
	EndGlobalSection
	GlobalSection(ProjectConfigurationPlatforms) = postSolution
		{3D36021D-FB59-4175-B4CC-699E3E494418}.Debug|Any CPU.ActiveCfg = Debug|Any CPU
		{3D36021D-FB59-4175-B4CC-699E3E494418}.Debug|Any CPU.Build.0 = Debug|Any CPU
		{3D36021D-FB59-4175-B4CC-699E3E494418}.Release|Any CPU.ActiveCfg = Release|Any CPU
		{3D36021D-FB59-4175-B4CC-699E3E494418}.Release|Any CPU.Build.0 = Release|Any CPU
	EndGlobalSection
	GlobalSection(SolutionProperties) = preSolution
		HideSolutionNode = FALSE
	EndGlobalSection
	GlobalSection(ExtensibilityGlobals) = postSolution
		SolutionGuid = {21F20D13-C908-40B3-AE56-395380EB0BED}
	EndGlobalSection
EndGlobal
